
Microsoft Visual Studio Solution File, Format Version 12.00
# Visual Studio Version 16
VisualStudioVersion = 16.0.28407.52
MinimumVisualStudioVersion = 10.0.40219.1
Project("{FAE04EC0-301F-11D3-BF4B-00C04F79EFBC}") = "SeasonalImmersion", "SeasonalImmersion\SeasonalImmersion.csproj", "{7AD206DC-A3A3-4DFF-9C8A-FF7F8F849DF7}"
EndProject
Project("{FAE04EC0-301F-11D3-BF4B-00C04F79EFBC}") = "EntoaroxFramework", "Framework\EntoaroxFramework.csproj", "{174275E7-3AE4-41A6-9884-9E08A07D1101}"
EndProject
Project("{FAE04EC0-301F-11D3-BF4B-00C04F79EFBC}") = "AdvancedLocationLoader", "AdvancedLocationLoader\AdvancedLocationLoader.csproj", "{9EA06249-2096-43E0-B616-DDD3FE731147}"
EndProject
Project("{FAE04EC0-301F-11D3-BF4B-00C04F79EFBC}") = "FurnitureAnywhere", "FurnitureAnywhere\FurnitureAnywhere.csproj", "{753CFB03-2CC1-478E-AA3D-9F42CD724709}"
EndProject
Project("{FAE04EC0-301F-11D3-BF4B-00C04F79EFBC}") = "ExtendedMinecart", "ExtendedMinecart\ExtendedMinecart.csproj", "{CA467BEA-932F-4133-ACA0-D634670C2488}"
EndProject
Project("{FAE04EC0-301F-11D3-BF4B-00C04F79EFBC}") = "MoreAnimals", "MoreAnimals\MoreAnimals.csproj", "{3710E6E1-296C-481D-B577-4BA6CCAF2E94}"
EndProject
Project("{FAE04EC0-301F-11D3-BF4B-00C04F79EFBC}") = "ShopExpander", "ShopExpander\ShopExpander.csproj", "{99F3DE47-D310-4FD1-ACC6-8362D9D35CD7}"
EndProject
Project("{FAE04EC0-301F-11D3-BF4B-00C04F79EFBC}") = "XnbLoader", "XnbLoader\XnbLoader.csproj", "{3DBFB980-B11C-4171-AAD6-C39DD0AD312F}"
EndProject
Project("{FAE04EC0-301F-11D3-BF4B-00C04F79EFBC}") = "FasterPaths", "FasterPaths\FasterPaths.csproj", "{B9CDF893-2243-46D1-8CB6-CE48B8973023}"
EndProject
Project("{2150E333-8FDC-42A3-9474-1A3956D46DE8}") = ".root", ".root", "{CDFE013F-220E-4430-B50A-92AE7DD51D59}"
	ProjectSection(SolutionItems) = preProject
		.editorconfig = .editorconfig
		README.md = README.md
	EndProjectSection
EndProject
Project("{FAE04EC0-301F-11D3-BF4B-00C04F79EFBC}") = "DynamicDungeons", "DynamicDungeons\DynamicDungeons.csproj", "{AE355745-73FE-45C6-BA17-DE56744BB3D6}"
EndProject
Project("{FAE04EC0-301F-11D3-BF4B-00C04F79EFBC}") = "PlayGround", "PlayGround\PlayGround.csproj", "{B2A28A37-3C82-4D6D-A97E-8DA9BBCBD368}"
EndProject
Project("{FAE04EC0-301F-11D3-BF4B-00C04F79EFBC}") = "CustomBooks", "CustomBooks\CustomBooks.csproj", "{AE56920C-7F17-4E17-B703-6586B190EF04}"
EndProject
Project("{FAE04EC0-301F-11D3-BF4B-00C04F79EFBC}") = "CustomPaths", "CustomPaths\CustomPaths.csproj", "{19A8DB34-7A24-4576-B50F-7EB02D09E465}"
EndProject
Project("{2150E333-8FDC-42A3-9474-1A3956D46DE8}") = "Inactive", "Inactive", "{17A2E74C-37E0-4E64-9F6D-0E7560415BD9}"
EndProject
Global
	GlobalSection(SolutionConfigurationPlatforms) = preSolution
		Debug|x86 = Debug|x86
		Release|x86 = Release|x86
	EndGlobalSection
	GlobalSection(ProjectConfigurationPlatforms) = postSolution
		{7AD206DC-A3A3-4DFF-9C8A-FF7F8F849DF7}.Debug|x86.ActiveCfg = Debug|x86
		{7AD206DC-A3A3-4DFF-9C8A-FF7F8F849DF7}.Debug|x86.Build.0 = Debug|x86
		{7AD206DC-A3A3-4DFF-9C8A-FF7F8F849DF7}.Release|x86.ActiveCfg = Release|x86
		{7AD206DC-A3A3-4DFF-9C8A-FF7F8F849DF7}.Release|x86.Build.0 = Release|x86
		{174275E7-3AE4-41A6-9884-9E08A07D1101}.Debug|x86.ActiveCfg = Debug|x86
		{174275E7-3AE4-41A6-9884-9E08A07D1101}.Debug|x86.Build.0 = Debug|x86
		{174275E7-3AE4-41A6-9884-9E08A07D1101}.Release|x86.ActiveCfg = Release|x86
		{174275E7-3AE4-41A6-9884-9E08A07D1101}.Release|x86.Build.0 = Release|x86
		{9EA06249-2096-43E0-B616-DDD3FE731147}.Debug|x86.ActiveCfg = Debug|x86
		{9EA06249-2096-43E0-B616-DDD3FE731147}.Debug|x86.Build.0 = Debug|x86
		{9EA06249-2096-43E0-B616-DDD3FE731147}.Release|x86.ActiveCfg = Release|x86
		{9EA06249-2096-43E0-B616-DDD3FE731147}.Release|x86.Build.0 = Release|x86
		{753CFB03-2CC1-478E-AA3D-9F42CD724709}.Debug|x86.ActiveCfg = Debug|x86
		{753CFB03-2CC1-478E-AA3D-9F42CD724709}.Debug|x86.Build.0 = Debug|x86
		{753CFB03-2CC1-478E-AA3D-9F42CD724709}.Release|x86.ActiveCfg = Release|x86
		{753CFB03-2CC1-478E-AA3D-9F42CD724709}.Release|x86.Build.0 = Release|x86
		{CA467BEA-932F-4133-ACA0-D634670C2488}.Debug|x86.ActiveCfg = Debug|x86
		{CA467BEA-932F-4133-ACA0-D634670C2488}.Debug|x86.Build.0 = Debug|x86
		{CA467BEA-932F-4133-ACA0-D634670C2488}.Release|x86.ActiveCfg = Release|x86
		{CA467BEA-932F-4133-ACA0-D634670C2488}.Release|x86.Build.0 = Release|x86
		{3710E6E1-296C-481D-B577-4BA6CCAF2E94}.Debug|x86.ActiveCfg = Debug|x86
		{3710E6E1-296C-481D-B577-4BA6CCAF2E94}.Debug|x86.Build.0 = Debug|x86
		{3710E6E1-296C-481D-B577-4BA6CCAF2E94}.Release|x86.ActiveCfg = Release|x86
		{3710E6E1-296C-481D-B577-4BA6CCAF2E94}.Release|x86.Build.0 = Release|x86
		{99F3DE47-D310-4FD1-ACC6-8362D9D35CD7}.Debug|x86.ActiveCfg = Debug|x86
		{99F3DE47-D310-4FD1-ACC6-8362D9D35CD7}.Debug|x86.Build.0 = Debug|x86
		{99F3DE47-D310-4FD1-ACC6-8362D9D35CD7}.Release|x86.ActiveCfg = Release|x86
		{99F3DE47-D310-4FD1-ACC6-8362D9D35CD7}.Release|x86.Build.0 = Release|x86
		{3DBFB980-B11C-4171-AAD6-C39DD0AD312F}.Debug|x86.ActiveCfg = Debug|x86
		{3DBFB980-B11C-4171-AAD6-C39DD0AD312F}.Debug|x86.Build.0 = Debug|x86
		{3DBFB980-B11C-4171-AAD6-C39DD0AD312F}.Release|x86.ActiveCfg = Release|x86
		{3DBFB980-B11C-4171-AAD6-C39DD0AD312F}.Release|x86.Build.0 = Release|x86
		{B9CDF893-2243-46D1-8CB6-CE48B8973023}.Debug|x86.ActiveCfg = Debug|x86
		{B9CDF893-2243-46D1-8CB6-CE48B8973023}.Debug|x86.Build.0 = Debug|x86
		{B9CDF893-2243-46D1-8CB6-CE48B8973023}.Release|x86.ActiveCfg = Release|x86
		{B9CDF893-2243-46D1-8CB6-CE48B8973023}.Release|x86.Build.0 = Release|x86
		{AE355745-73FE-45C6-BA17-DE56744BB3D6}.Debug|x86.ActiveCfg = Debug|x86
		{AE355745-73FE-45C6-BA17-DE56744BB3D6}.Debug|x86.Build.0 = Debug|x86
		{AE355745-73FE-45C6-BA17-DE56744BB3D6}.Release|x86.ActiveCfg = Release|x86
		{AE355745-73FE-45C6-BA17-DE56744BB3D6}.Release|x86.Build.0 = Release|x86
		{B2A28A37-3C82-4D6D-A97E-8DA9BBCBD368}.Debug|x86.ActiveCfg = Debug|x86
		{B2A28A37-3C82-4D6D-A97E-8DA9BBCBD368}.Debug|x86.Build.0 = Debug|x86
		{B2A28A37-3C82-4D6D-A97E-8DA9BBCBD368}.Release|x86.ActiveCfg = Release|x86
		{B2A28A37-3C82-4D6D-A97E-8DA9BBCBD368}.Release|x86.Build.0 = Release|x86
		{AE56920C-7F17-4E17-B703-6586B190EF04}.Debug|x86.ActiveCfg = Debug|x86
		{AE56920C-7F17-4E17-B703-6586B190EF04}.Debug|x86.Build.0 = Debug|x86
		{AE56920C-7F17-4E17-B703-6586B190EF04}.Release|x86.ActiveCfg = Release|x86
		{AE56920C-7F17-4E17-B703-6586B190EF04}.Release|x86.Build.0 = Release|x86
		{19A8DB34-7A24-4576-B50F-7EB02D09E465}.Debug|x86.ActiveCfg = Debug|x86
		{19A8DB34-7A24-4576-B50F-7EB02D09E465}.Debug|x86.Build.0 = Debug|x86
		{19A8DB34-7A24-4576-B50F-7EB02D09E465}.Release|x86.ActiveCfg = Release|x86
		{19A8DB34-7A24-4576-B50F-7EB02D09E465}.Release|x86.Build.0 = Release|x86
	EndGlobalSection
	GlobalSection(SolutionProperties) = preSolution
		HideSolutionNode = FALSE
	EndGlobalSection
	GlobalSection(NestedProjects) = preSolution
		{7AD206DC-A3A3-4DFF-9C8A-FF7F8F849DF7} = {17A2E74C-37E0-4E64-9F6D-0E7560415BD9}
		{3DBFB980-B11C-4171-AAD6-C39DD0AD312F} = {17A2E74C-37E0-4E64-9F6D-0E7560415BD9}
		{AE355745-73FE-45C6-BA17-DE56744BB3D6} = {17A2E74C-37E0-4E64-9F6D-0E7560415BD9}
		{B2A28A37-3C82-4D6D-A97E-8DA9BBCBD368} = {17A2E74C-37E0-4E64-9F6D-0E7560415BD9}
		{AE56920C-7F17-4E17-B703-6586B190EF04} = {17A2E74C-37E0-4E64-9F6D-0E7560415BD9}
		{19A8DB34-7A24-4576-B50F-7EB02D09E465} = {17A2E74C-37E0-4E64-9F6D-0E7560415BD9}
	EndGlobalSection
	GlobalSection(ExtensibilityGlobals) = postSolution
		SolutionGuid = {71BE6CBB-13AD-4DAC-8B44-35F22FBE1E8F}
	EndGlobalSection
EndGlobal
